
Microsoft Visual Studio Solution File, Format Version 12.00
# Visual Studio 15
VisualStudioVersion = 15.0.27004.2009
MinimumVisualStudioVersion = 10.0.40219.1
Project("{9A19103F-16F7-4668-BE54-9A1E7A4F7556}") = "wimm.Guardian", "wimm.Guardian\wimm.Guardian.csproj", "{9F8CDBEA-FD8D-4FDD-9F86-D01B6FA6AAB3}"
EndProject
Project("{9A19103F-16F7-4668-BE54-9A1E7A4F7556}") = "wimm.Guardian.UnitTests", "wimm.Guardian.UnitTests\wimm.Guardian.UnitTests.csproj", "{6EC78E46-D6FD-436B-9BB5-E95E28C7993D}"
EndProject
Global
	GlobalSection(SolutionConfigurationPlatforms) = preSolution
		Debug|Any CPU = Debug|Any CPU
		Release|Any CPU = Release|Any CPU
	EndGlobalSection
	GlobalSection(ProjectConfigurationPlatforms) = postSolution
		{9F8CDBEA-FD8D-4FDD-9F86-D01B6FA6AAB3}.Debug|Any CPU.ActiveCfg = Debug|Any CPU
		{9F8CDBEA-FD8D-4FDD-9F86-D01B6FA6AAB3}.Debug|Any CPU.Build.0 = Debug|Any CPU
		{9F8CDBEA-FD8D-4FDD-9F86-D01B6FA6AAB3}.Release|Any CPU.ActiveCfg = Release|Any CPU
		{9F8CDBEA-FD8D-4FDD-9F86-D01B6FA6AAB3}.Release|Any CPU.Build.0 = Release|Any CPU
		{6EC78E46-D6FD-436B-9BB5-E95E28C7993D}.Debug|Any CPU.ActiveCfg = Debug|Any CPU
		{6EC78E46-D6FD-436B-9BB5-E95E28C7993D}.Debug|Any CPU.Build.0 = Debug|Any CPU
		{6EC78E46-D6FD-436B-9BB5-E95E28C7993D}.Release|Any CPU.ActiveCfg = Release|Any CPU
		{6EC78E46-D6FD-436B-9BB5-E95E28C7993D}.Release|Any CPU.Build.0 = Release|Any CPU
	EndGlobalSection
	GlobalSection(SolutionProperties) = preSolution
		HideSolutionNode = FALSE
	EndGlobalSection
	GlobalSection(ExtensibilityGlobals) = postSolution
		SolutionGuid = {DA6F08B9-1D24-4AE1-91E4-D3928B288935}
	EndGlobalSection
EndGlobal
